
Microsoft Visual Studio Solution File, Format Version 12.00
# Visual Studio Version 17
VisualStudioVersion = 17.8.34330.188
MinimumVisualStudioVersion = 10.0.40219.1
Project("{9A19103F-16F7-4668-BE54-9A1E7A4F7556}") = "Mini-CRM-Blazor.Server", "Mini-CRM-Blazor\Server\Mini-CRM-Blazor.Server.csproj", "{8FA40DA9-0EE0-49DE-A7E0-EFD84B076C23}"
EndProject
Project("{9A19103F-16F7-4668-BE54-9A1E7A4F7556}") = "Mini-CRM-Blazor.Client", "Mini-CRM-Blazor\Client\Mini-CRM-Blazor.Client.csproj", "{C1D8ADA7-0952-4347-8715-34C2E4FC1BBA}"
EndProject
Project("{9A19103F-16F7-4668-BE54-9A1E7A4F7556}") = "Mini-CRM-Blazor.Shared", "Mini-CRM-Blazor\Shared\Mini-CRM-Blazor.Shared.csproj", "{2593DEDD-A1DE-43CC-9907-9231F30CC7D2}"
EndProject
Global
	GlobalSection(SolutionConfigurationPlatforms) = preSolution
		Debug|Any CPU = Debug|Any CPU
		Release|Any CPU = Release|Any CPU
	EndGlobalSection
	GlobalSection(ProjectConfigurationPlatforms) = postSolution
		{8FA40DA9-0EE0-49DE-A7E0-EFD84B076C23}.Debug|Any CPU.ActiveCfg = Debug|Any CPU
		{8FA40DA9-0EE0-49DE-A7E0-EFD84B076C23}.Debug|Any CPU.Build.0 = Debug|Any CPU
		{8FA40DA9-0EE0-49DE-A7E0-EFD84B076C23}.Release|Any CPU.ActiveCfg = Release|Any CPU
		{8FA40DA9-0EE0-49DE-A7E0-EFD84B076C23}.Release|Any CPU.Build.0 = Release|Any CPU
		{C1D8ADA7-0952-4347-8715-34C2E4FC1BBA}.Debug|Any CPU.ActiveCfg = Debug|Any CPU
		{C1D8ADA7-0952-4347-8715-34C2E4FC1BBA}.Debug|Any CPU.Build.0 = Debug|Any CPU
		{C1D8ADA7-0952-4347-8715-34C2E4FC1BBA}.Release|Any CPU.ActiveCfg = Release|Any CPU
		{C1D8ADA7-0952-4347-8715-34C2E4FC1BBA}.Release|Any CPU.Build.0 = Release|Any CPU
		{2593DEDD-A1DE-43CC-9907-9231F30CC7D2}.Debug|Any CPU.ActiveCfg = Debug|Any CPU
		{2593DEDD-A1DE-43CC-9907-9231F30CC7D2}.Debug|Any CPU.Build.0 = Debug|Any CPU
		{2593DEDD-A1DE-43CC-9907-9231F30CC7D2}.Release|Any CPU.ActiveCfg = Release|Any CPU
		{2593DEDD-A1DE-43CC-9907-9231F30CC7D2}.Release|Any CPU.Build.0 = Release|Any CPU
	EndGlobalSection
	GlobalSection(SolutionProperties) = preSolution
		HideSolutionNode = FALSE
	EndGlobalSection
	GlobalSection(ExtensibilityGlobals) = postSolution
		SolutionGuid = {56CE7E43-FD7A-4704-9FD8-FD1D651418BA}
	EndGlobalSection
EndGlobal
